
Microsoft Visual Studio Solution File, Format Version 12.00
# Visual Studio Version 17
VisualStudioVersion = 17.14.36717.8 d17.14
MinimumVisualStudioVersion = 10.0.40219.1
Project("{2150E333-8FDC-42A3-9474-1A3956D46DE8}") = "src", "src", "{02EA681E-C7D8-13C7-8484-4AC65E1B71E8}"
EndProject
Project("{FAE04EC0-301F-11D3-BF4B-00C04F79EFBC}") = "TaskSharp.Domain", "src\TaskSharp.Domain\TaskSharp.Domain.csproj", "{37677908-6F11-45D3-81D8-158AD2D071D2}"
EndProject
Project("{FAE04EC0-301F-11D3-BF4B-00C04F79EFBC}") = "TaskSharp.Application", "src\TaskSharp.Application\TaskSharp.Application.csproj", "{4EDA4C58-5378-4BAF-8465-1587C4B1EB0F}"
EndProject
Project("{FAE04EC0-301F-11D3-BF4B-00C04F79EFBC}") = "TaskSharp.Api", "src\TaskSharp.Api\TaskSharp.Api.csproj", "{8577BC37-3D44-4399-AFF5-36A1DCEA7099}"
EndProject
Project("{FAE04EC0-301F-11D3-BF4B-00C04F79EFBC}") = "TaskSharp.Infrastructure", "src\TaskSharp.Infrastructure\TaskSharp.Infrastructure.csproj", "{06A2745F-A280-4492-BFDD-50D1941B28CA}"
EndProject
Global
	GlobalSection(SolutionConfigurationPlatforms) = preSolution
		Debug|Any CPU = Debug|Any CPU
		Release|Any CPU = Release|Any CPU
	EndGlobalSection
	GlobalSection(ProjectConfigurationPlatforms) = postSolution
		{37677908-6F11-45D3-81D8-158AD2D071D2}.Debug|Any CPU.ActiveCfg = Debug|Any CPU
		{37677908-6F11-45D3-81D8-158AD2D071D2}.Debug|Any CPU.Build.0 = Debug|Any CPU
		{37677908-6F11-45D3-81D8-158AD2D071D2}.Release|Any CPU.ActiveCfg = Release|Any CPU
		{37677908-6F11-45D3-81D8-158AD2D071D2}.Release|Any CPU.Build.0 = Release|Any CPU
		{4EDA4C58-5378-4BAF-8465-1587C4B1EB0F}.Debug|Any CPU.ActiveCfg = Debug|Any CPU
		{4EDA4C58-5378-4BAF-8465-1587C4B1EB0F}.Debug|Any CPU.Build.0 = Debug|Any CPU
		{4EDA4C58-5378-4BAF-8465-1587C4B1EB0F}.Release|Any CPU.ActiveCfg = Release|Any CPU
		{4EDA4C58-5378-4BAF-8465-1587C4B1EB0F}.Release|Any CPU.Build.0 = Release|Any CPU
		{8577BC37-3D44-4399-AFF5-36A1DCEA7099}.Debug|Any CPU.ActiveCfg = Debug|Any CPU
		{8577BC37-3D44-4399-AFF5-36A1DCEA7099}.Debug|Any CPU.Build.0 = Debug|Any CPU
		{8577BC37-3D44-4399-AFF5-36A1DCEA7099}.Release|Any CPU.ActiveCfg = Release|Any CPU
		{8577BC37-3D44-4399-AFF5-36A1DCEA7099}.Release|Any CPU.Build.0 = Release|Any CPU
		{06A2745F-A280-4492-BFDD-50D1941B28CA}.Debug|Any CPU.ActiveCfg = Debug|Any CPU
		{06A2745F-A280-4492-BFDD-50D1941B28CA}.Debug|Any CPU.Build.0 = Debug|Any CPU
		{06A2745F-A280-4492-BFDD-50D1941B28CA}.Release|Any CPU.ActiveCfg = Release|Any CPU
		{06A2745F-A280-4492-BFDD-50D1941B28CA}.Release|Any CPU.Build.0 = Release|Any CPU
	EndGlobalSection
	GlobalSection(SolutionProperties) = preSolution
		HideSolutionNode = FALSE
	EndGlobalSection
	GlobalSection(NestedProjects) = preSolution
		{37677908-6F11-45D3-81D8-158AD2D071D2} = {02EA681E-C7D8-13C7-8484-4AC65E1B71E8}
		{4EDA4C58-5378-4BAF-8465-1587C4B1EB0F} = {02EA681E-C7D8-13C7-8484-4AC65E1B71E8}
		{8577BC37-3D44-4399-AFF5-36A1DCEA7099} = {02EA681E-C7D8-13C7-8484-4AC65E1B71E8}
		{06A2745F-A280-4492-BFDD-50D1941B28CA} = {02EA681E-C7D8-13C7-8484-4AC65E1B71E8}
	EndGlobalSection
	GlobalSection(ExtensibilityGlobals) = postSolution
		SolutionGuid = {503A51CB-A645-4C26-92E1-5F0515344B23}
	EndGlobalSection
EndGlobal
